
Microsoft Visual Studio Solution File, Format Version 11.00
# Visual Studio 2010
Project("{FAE04EC0-301F-11D3-BF4B-00C04F79EFBC}") = "Mini-Golfy", "Assembly-CSharp.csproj", "{303373F3-A8B4-1559-A357-FE3BD98A38A5}"
EndProject
Global
	GlobalSection(SolutionConfigurationPlatforms) = preSolution
		Debug|Any CPU = Debug|Any CPU
		Release|Any CPU = Release|Any CPU
	EndGlobalSection
	GlobalSection(ProjectConfigurationPlatforms) = postSolution
		{303373F3-A8B4-1559-A357-FE3BD98A38A5}.Debug|Any CPU.ActiveCfg = Debug|Any CPU
		{303373F3-A8B4-1559-A357-FE3BD98A38A5}.Debug|Any CPU.Build.0 = Debug|Any CPU
		{303373F3-A8B4-1559-A357-FE3BD98A38A5}.Release|Any CPU.ActiveCfg = Release|Any CPU
		{303373F3-A8B4-1559-A357-FE3BD98A38A5}.Release|Any CPU.Build.0 = Release|Any CPU
	EndGlobalSection
	GlobalSection(SolutionProperties) = preSolution
		HideSolutionNode = FALSE
	EndGlobalSection
	GlobalSection(MonoDevelopProperties) = preSolution
		StartupItem = Assembly-CSharp.csproj
	EndGlobalSection
EndGlobal
